
Microsoft Visual Studio Solution File, Format Version 12.00
# Visual Studio Version 17
VisualStudioVersion = 17.11.35208.52
MinimumVisualStudioVersion = 10.0.40219.1
Project("{9A19103F-16F7-4668-BE54-9A1E7A4F7556}") = "API", "API\API.csproj", "{185193B9-9A3D-4DDA-9750-A3CE83717FD3}"
EndProject
Project("{9A19103F-16F7-4668-BE54-9A1E7A4F7556}") = "Common", "Common\Common.csproj", "{61A32805-02D5-44BA-A0E5-0B46C99896DD}"
EndProject
Project("{9A19103F-16F7-4668-BE54-9A1E7A4F7556}") = "LiveControlGateway", "LiveControlGateway\LiveControlGateway.csproj", "{83BB2593-B344-42DB-8C61-D1A331054279}"
EndProject
Project("{FAE04EC0-301F-11D3-BF4B-00C04F79EFBC}") = "Cron", "Cron\Cron.csproj", "{1A5D3B84-AF07-4884-B317-50BC600F33A8}"
EndProject
Project("{9A19103F-16F7-4668-BE54-9A1E7A4F7556}") = "MigrationHelper", "MigrationHelper\MigrationHelper.csproj", "{7396B01D-5463-4794-B2ED-4A5AE3B89320}"
EndProject
Project("{FAE04EC0-301F-11D3-BF4B-00C04F79EFBC}") = "Common.Tests", "Common.Tests\Common.Tests.csproj", "{7AED9D47-F0B0-4644-A154-EE386A81C85D}"
EndProject
Project("{FAE04EC0-301F-11D3-BF4B-00C04F79EFBC}") = "API.Tests.Integration", "API.Tests.Integration\API.Tests.Integration.csproj", "{71017F66-86FD-4B75-BE3C-14544CD59277}"
EndProject
Global
	GlobalSection(SolutionConfigurationPlatforms) = preSolution
		Debug|Any CPU = Debug|Any CPU
		Release|Any CPU = Release|Any CPU
	EndGlobalSection
	GlobalSection(ProjectConfigurationPlatforms) = postSolution
		{185193B9-9A3D-4DDA-9750-A3CE83717FD3}.Debug|Any CPU.ActiveCfg = Debug|Any CPU
		{185193B9-9A3D-4DDA-9750-A3CE83717FD3}.Debug|Any CPU.Build.0 = Debug|Any CPU
		{185193B9-9A3D-4DDA-9750-A3CE83717FD3}.Release|Any CPU.ActiveCfg = Release|Any CPU
		{185193B9-9A3D-4DDA-9750-A3CE83717FD3}.Release|Any CPU.Build.0 = Release|Any CPU
		{61A32805-02D5-44BA-A0E5-0B46C99896DD}.Debug|Any CPU.ActiveCfg = Debug|Any CPU
		{61A32805-02D5-44BA-A0E5-0B46C99896DD}.Debug|Any CPU.Build.0 = Debug|Any CPU
		{61A32805-02D5-44BA-A0E5-0B46C99896DD}.Release|Any CPU.ActiveCfg = Release|Any CPU
		{61A32805-02D5-44BA-A0E5-0B46C99896DD}.Release|Any CPU.Build.0 = Release|Any CPU
		{83BB2593-B344-42DB-8C61-D1A331054279}.Debug|Any CPU.ActiveCfg = Debug|Any CPU
		{83BB2593-B344-42DB-8C61-D1A331054279}.Debug|Any CPU.Build.0 = Debug|Any CPU
		{83BB2593-B344-42DB-8C61-D1A331054279}.Release|Any CPU.ActiveCfg = Release|Any CPU
		{83BB2593-B344-42DB-8C61-D1A331054279}.Release|Any CPU.Build.0 = Release|Any CPU
		{1A5D3B84-AF07-4884-B317-50BC600F33A8}.Debug|Any CPU.ActiveCfg = Debug|Any CPU
		{1A5D3B84-AF07-4884-B317-50BC600F33A8}.Debug|Any CPU.Build.0 = Debug|Any CPU
		{1A5D3B84-AF07-4884-B317-50BC600F33A8}.Release|Any CPU.ActiveCfg = Release|Any CPU
		{1A5D3B84-AF07-4884-B317-50BC600F33A8}.Release|Any CPU.Build.0 = Release|Any CPU
		{7396B01D-5463-4794-B2ED-4A5AE3B89320}.Debug|Any CPU.ActiveCfg = Debug|Any CPU
		{7396B01D-5463-4794-B2ED-4A5AE3B89320}.Debug|Any CPU.Build.0 = Debug|Any CPU
		{7396B01D-5463-4794-B2ED-4A5AE3B89320}.Release|Any CPU.ActiveCfg = Release|Any CPU
		{7396B01D-5463-4794-B2ED-4A5AE3B89320}.Release|Any CPU.Build.0 = Release|Any CPU
		{7AED9D47-F0B0-4644-A154-EE386A81C85D}.Debug|Any CPU.ActiveCfg = Debug|Any CPU
		{7AED9D47-F0B0-4644-A154-EE386A81C85D}.Debug|Any CPU.Build.0 = Debug|Any CPU
		{7AED9D47-F0B0-4644-A154-EE386A81C85D}.Release|Any CPU.ActiveCfg = Release|Any CPU
		{7AED9D47-F0B0-4644-A154-EE386A81C85D}.Release|Any CPU.Build.0 = Release|Any CPU
		{71017F66-86FD-4B75-BE3C-14544CD59277}.Debug|Any CPU.ActiveCfg = Debug|Any CPU
		{71017F66-86FD-4B75-BE3C-14544CD59277}.Debug|Any CPU.Build.0 = Debug|Any CPU
		{71017F66-86FD-4B75-BE3C-14544CD59277}.Release|Any CPU.ActiveCfg = Release|Any CPU
		{71017F66-86FD-4B75-BE3C-14544CD59277}.Release|Any CPU.Build.0 = Release|Any CPU
	EndGlobalSection
	GlobalSection(SolutionProperties) = preSolution
		HideSolutionNode = FALSE
	EndGlobalSection
EndGlobal
